
Microsoft Visual Studio Solution File, Format Version 12.00
# Visual Studio 15
VisualStudioVersion = 15.0.26730.16
MinimumVisualStudioVersion = 10.0.40219.1
Project("{FAE04EC0-301F-11D3-BF4B-00C04F79EFBC}") = "FaceRecognition", "FaceRecognition\FaceRecognition.csproj", "{ED47F206-45C7-46EE-B6E5-67C8389216E2}"
EndProject
Global
	GlobalSection(SolutionConfigurationPlatforms) = preSolution
		Debug|Any CPU = Debug|Any CPU
		Release|Any CPU = Release|Any CPU
	EndGlobalSection
	GlobalSection(ProjectConfigurationPlatforms) = postSolution
		{ED47F206-45C7-46EE-B6E5-67C8389216E2}.Debug|Any CPU.ActiveCfg = Debug|Any CPU
		{ED47F206-45C7-46EE-B6E5-67C8389216E2}.Debug|Any CPU.Build.0 = Debug|Any CPU
		{ED47F206-45C7-46EE-B6E5-67C8389216E2}.Release|Any CPU.ActiveCfg = Release|Any CPU
		{ED47F206-45C7-46EE-B6E5-67C8389216E2}.Release|Any CPU.Build.0 = Release|Any CPU
	EndGlobalSection
	GlobalSection(SolutionProperties) = preSolution
		HideSolutionNode = FALSE
	EndGlobalSection
	GlobalSection(ExtensibilityGlobals) = postSolution
		SolutionGuid = {3041158D-54CC-4E8A-BD75-8151DBC1A38B}
	EndGlobalSection
EndGlobal
